{
  "requires": true,
  "lockfileVersion": 1,
  "dependencies": {
    "@types/angular": {
      "version": "1.6.45",
      "resolved": "https://registry.npmjs.org/@types/angular/-/angular-1.6.45.tgz",
      "integrity": "sha512-eXm3F/z2j8lVq7yBLL2G8QAygzYAboIJbJ46g26t71hgPtlxV9ibEJIBNj4KxCIZf7DcQo/KSnqaQ/0D9Rx2GA=="
    },
    "@types/angular-route": {
      "version": "1.3.5",
      "resolved": "https://registry.npmjs.org/@types/angular-route/-/angular-route-1.3.5.tgz",
      "integrity": "sha512-/jvK2s1rhUaOVimYpTEg9cj9IYL+Toq05FlBYDw/hMrZNb2SrkRd2DO3Lus9SZy9URs661gtM/NyQwbBUUWWKw==",
      "requires": {
        "@types/angular": "1.6.45"
      }
    }
  }
}
